{
    "_readme": [
        "This file locks the dependencies of your project to a known state",
        "Read more about it at https://getcomposer.org/doc/01-basic-usage.md#installing-dependencies",
        "This file is @generated automatically"
    ],
    "content-hash": "7c1df99ee7e894b5eff22492b7cf6514",
    "packages": [
        {
            "name": "auroras-live/suncalc-php",
            "version": "dev-master",
            "source": {
                "type": "git",
                "url": "https://github.com/gregseth/suncalc-php.git",
                "reference": "e88805e686dbd327609fba18a34075bcb76ac221"
            },
            "dist": {
                "type": "zip",
                "url": "https://api.github.com/repos/gregseth/suncalc-php/zipball/e88805e686dbd327609fba18a34075bcb76ac221",
                "reference": "e88805e686dbd327609fba18a34075bcb76ac221",
                "shasum": ""
            },
            "default-branch": true,
            "type": "library",
            "autoload": {
                "files": [
                    "suncalc.php"
                ]
            },
            "notification-url": "https://packagist.org/downloads/",
            "license": [
                "GPLv2"
            ],
            "authors": [
                {
                    "name": "David Gray and Greg Seth",
                    "email": "david@auroras.live"
                }
            ],
            "description": "Sun and moon calculations for PHP",
            "support": {
                "issues": "https://github.com/gregseth/suncalc-php/issues",
                "source": "https://github.com/gregseth/suncalc-php/tree/master"
            },
            "time": "2019-02-01T10:20:40+00:00"
        },
        {
            "name": "johngrogg/ics-parser",
            "version": "v3.4.1",
            "source": {
                "type": "git",
                "url": "https://github.com/u01jmg3/ics-parser.git",
                "reference": "abb41a4a46256389aa4e6f582bad76f0d4cb3ebc"
            },
            "dist": {
                "type": "zip",
                "url": "https://api.github.com/repos/u01jmg3/ics-parser/zipball/abb41a4a46256389aa4e6f582bad76f0d4cb3ebc",
                "reference": "abb41a4a46256389aa4e6f582bad76f0d4cb3ebc",
                "shasum": ""
            },
            "require": {
                "ext-mbstring": "*",
                "php": ">=5.6.40"
            },
            "require-dev": {
                "phpunit/phpunit": "^5|^9|^10"
            },
            "type": "library",
            "autoload": {
                "psr-0": {
                    "ICal": "src/"
                }
            },
            "notification-url": "https://packagist.org/downloads/",
            "license": [
                "MIT"
            ],
            "authors": [
                {
                    "name": "Jonathan Goode",
                    "role": "Developer/Owner"
                },
                {
                    "name": "John Grogg",
                    "email": "john.grogg@gmail.com",
                    "role": "Developer/Prior Owner"
                }
            ],
            "description": "ICS Parser",
            "homepage": "https://github.com/u01jmg3/ics-parser",
            "keywords": [
                "iCalendar",
                "ical",
                "ical-parser",
                "ics",
                "ics-parser",
                "ifb"
            ],
            "support": {
                "issues": "https://github.com/u01jmg3/ics-parser/issues",
                "source": "https://github.com/u01jmg3/ics-parser/tree/v3.4.1"
            },
            "funding": [
                {
                    "url": "https://github.com/sponsors/u01jmg3",
                    "type": "github"
                }
            ],
            "time": "2024-06-26T08:18:40+00:00"
        },
        {
            "name": "phayes/geophp",
            "version": "1.2",
            "source": {
                "type": "git",
                "url": "https://github.com/phayes/geoPHP.git",
                "reference": "015404e85b602e0df1f91441f8db0f9e98f7e567"
            },
            "dist": {
                "type": "zip",
                "url": "https://api.github.com/repos/phayes/geoPHP/zipball/015404e85b602e0df1f91441f8db0f9e98f7e567",
                "reference": "015404e85b602e0df1f91441f8db0f9e98f7e567",
                "shasum": ""
            },
            "require-dev": {
                "phpunit/phpunit": "4.1.*"
            },
            "type": "library",
            "autoload": {
                "classmap": [
                    "geoPHP.inc"
                ]
            },
            "notification-url": "https://packagist.org/downloads/",
            "license": [
                "GPL-2 or New-BSD"
            ],
            "authors": [
                {
                    "name": "Patrick Hayes"
                }
            ],
            "description": "GeoPHP is a open-source native PHP library for doing geometry operations. It is written entirely in PHP and can therefore run on shared hosts. It can read and write a wide variety of formats: WKT (including EWKT), WKB (including EWKB), GeoJSON, KML, GPX, GeoRSS). It works with all Simple-Feature geometries (Point, LineString, Polygon, GeometryCollection etc.) and can be used to get centroids, bounding-boxes, area, and a wide variety of other useful information.",
            "homepage": "https://github.com/phayes/geoPHP",
            "support": {
                "issues": "https://github.com/phayes/geoPHP/issues",
                "source": "https://github.com/phayes/geoPHP/tree/master"
            },
            "time": "2014-12-02T06:11:22+00:00"
        }
    ],
    "packages-dev": [],
    "aliases": [],
    "minimum-stability": "stable",
    "stability-flags": {
        "auroras-live/suncalc-php": 20
    },
    "prefer-stable": false,
    "prefer-lowest": false,
    "platform": {},
    "platform-dev": {},
    "plugin-api-version": "2.6.0"
}
